
Microsoft Visual Studio Solution File, Format Version 12.00
# Visual Studio Version 17
VisualStudioVersion = 17.1.32210.238
MinimumVisualStudioVersion = 10.0.40219.1
Project("{8BC9CEB8-8B4A-11D0-8D11-00A0C91BC942}") = "ch06", "ch06.vcxproj", "{DEBB0CD5-09E5-4676-B466-70B820F7245F}"
EndProject
Global
	GlobalSection(SolutionConfigurationPlatforms) = preSolution
		Debug|x64 = Debug|x64
		Debug|x86 = Debug|x86
		Release|x64 = Release|x64
		Release|x86 = Release|x86
	EndGlobalSection
	GlobalSection(ProjectConfigurationPlatforms) = postSolution
		{DEBB0CD5-09E5-4676-B466-70B820F7245F}.Debug|x64.ActiveCfg = Debug|x64
		{DEBB0CD5-09E5-4676-B466-70B820F7245F}.Debug|x64.Build.0 = Debug|x64
		{DEBB0CD5-09E5-4676-B466-70B820F7245F}.Debug|x86.ActiveCfg = Debug|Win32
		{DEBB0CD5-09E5-4676-B466-70B820F7245F}.Debug|x86.Build.0 = Debug|Win32
		{DEBB0CD5-09E5-4676-B466-70B820F7245F}.Release|x64.ActiveCfg = Release|x64
		{DEBB0CD5-09E5-4676-B466-70B820F7245F}.Release|x64.Build.0 = Release|x64
		{DEBB0CD5-09E5-4676-B466-70B820F7245F}.Release|x86.ActiveCfg = Release|Win32
		{DEBB0CD5-09E5-4676-B466-70B820F7245F}.Release|x86.Build.0 = Release|Win32
	EndGlobalSection
	GlobalSection(SolutionProperties) = preSolution
		HideSolutionNode = FALSE
	EndGlobalSection
	GlobalSection(ExtensibilityGlobals) = postSolution
		SolutionGuid = {ABDE104C-00B6-40CF-A13A-30AECEAD7A21}
	EndGlobalSection
EndGlobal
