
Microsoft Visual Studio Solution File, Format Version 12.00
# Visual Studio Version 17
VisualStudioVersion = 17.1.32319.34
MinimumVisualStudioVersion = 10.0.40219.1
Project("{8BC9CEB8-8B4A-11D0-8D11-00A0C91BC942}") = "Quiz02", "Quiz02.vcxproj", "{A95BBA97-3D59-4C73-89D1-9856AC1AF02B}"
EndProject
Global
	GlobalSection(SolutionConfigurationPlatforms) = preSolution
		Debug|x64 = Debug|x64
		Debug|x86 = Debug|x86
		Release|x64 = Release|x64
		Release|x86 = Release|x86
	EndGlobalSection
	GlobalSection(ProjectConfigurationPlatforms) = postSolution
		{A95BBA97-3D59-4C73-89D1-9856AC1AF02B}.Debug|x64.ActiveCfg = Debug|x64
		{A95BBA97-3D59-4C73-89D1-9856AC1AF02B}.Debug|x64.Build.0 = Debug|x64
		{A95BBA97-3D59-4C73-89D1-9856AC1AF02B}.Debug|x86.ActiveCfg = Debug|Win32
		{A95BBA97-3D59-4C73-89D1-9856AC1AF02B}.Debug|x86.Build.0 = Debug|Win32
		{A95BBA97-3D59-4C73-89D1-9856AC1AF02B}.Release|x64.ActiveCfg = Release|x64
		{A95BBA97-3D59-4C73-89D1-9856AC1AF02B}.Release|x64.Build.0 = Release|x64
		{A95BBA97-3D59-4C73-89D1-9856AC1AF02B}.Release|x86.ActiveCfg = Release|Win32
		{A95BBA97-3D59-4C73-89D1-9856AC1AF02B}.Release|x86.Build.0 = Release|Win32
	EndGlobalSection
	GlobalSection(SolutionProperties) = preSolution
		HideSolutionNode = FALSE
	EndGlobalSection
	GlobalSection(ExtensibilityGlobals) = postSolution
		SolutionGuid = {AAA1CD2B-40E2-4BA9-9405-C449AB12B50B}
	EndGlobalSection
EndGlobal
