
Microsoft Visual Studio Solution File, Format Version 12.00
# Visual Studio Version 17
VisualStudioVersion = 17.1.32228.430
MinimumVisualStudioVersion = 10.0.40219.1
Project("{8BC9CEB8-8B4A-11D0-8D11-00A0C91BC942}") = "JeLitWaves", "JeLitWaves.vcxproj", "{D7409BD9-5710-4E8C-94D4-E4328A92E3E3}"
EndProject
Global
	GlobalSection(SolutionConfigurationPlatforms) = preSolution
		Debug|x64 = Debug|x64
		Debug|x86 = Debug|x86
		Release|x64 = Release|x64
		Release|x86 = Release|x86
	EndGlobalSection
	GlobalSection(ProjectConfigurationPlatforms) = postSolution
		{D7409BD9-5710-4E8C-94D4-E4328A92E3E3}.Debug|x64.ActiveCfg = Debug|x64
		{D7409BD9-5710-4E8C-94D4-E4328A92E3E3}.Debug|x64.Build.0 = Debug|x64
		{D7409BD9-5710-4E8C-94D4-E4328A92E3E3}.Debug|x86.ActiveCfg = Debug|Win32
		{D7409BD9-5710-4E8C-94D4-E4328A92E3E3}.Debug|x86.Build.0 = Debug|Win32
		{D7409BD9-5710-4E8C-94D4-E4328A92E3E3}.Release|x64.ActiveCfg = Release|x64
		{D7409BD9-5710-4E8C-94D4-E4328A92E3E3}.Release|x64.Build.0 = Release|x64
		{D7409BD9-5710-4E8C-94D4-E4328A92E3E3}.Release|x86.ActiveCfg = Release|Win32
		{D7409BD9-5710-4E8C-94D4-E4328A92E3E3}.Release|x86.Build.0 = Release|Win32
	EndGlobalSection
	GlobalSection(SolutionProperties) = preSolution
		HideSolutionNode = FALSE
	EndGlobalSection
	GlobalSection(ExtensibilityGlobals) = postSolution
		SolutionGuid = {D98AA3E1-BF91-4646-917A-90013E51530F}
	EndGlobalSection
EndGlobal
