
Microsoft Visual Studio Solution File, Format Version 12.00
# Visual Studio Version 17
VisualStudioVersion = 17.2.32526.322
MinimumVisualStudioVersion = 10.0.40219.1
Project("{8BC9CEB8-8B4A-11D0-8D11-00A0C91BC942}") = "Quiz02", "Quiz02.vcxproj", "{70257265-E7EF-4711-B599-A09DF85447FD}"
EndProject
Global
	GlobalSection(SolutionConfigurationPlatforms) = preSolution
		Debug|x64 = Debug|x64
		Debug|x86 = Debug|x86
		Release|x64 = Release|x64
		Release|x86 = Release|x86
	EndGlobalSection
	GlobalSection(ProjectConfigurationPlatforms) = postSolution
		{70257265-E7EF-4711-B599-A09DF85447FD}.Debug|x64.ActiveCfg = Debug|x64
		{70257265-E7EF-4711-B599-A09DF85447FD}.Debug|x64.Build.0 = Debug|x64
		{70257265-E7EF-4711-B599-A09DF85447FD}.Debug|x86.ActiveCfg = Debug|Win32
		{70257265-E7EF-4711-B599-A09DF85447FD}.Debug|x86.Build.0 = Debug|Win32
		{70257265-E7EF-4711-B599-A09DF85447FD}.Release|x64.ActiveCfg = Release|x64
		{70257265-E7EF-4711-B599-A09DF85447FD}.Release|x64.Build.0 = Release|x64
		{70257265-E7EF-4711-B599-A09DF85447FD}.Release|x86.ActiveCfg = Release|Win32
		{70257265-E7EF-4711-B599-A09DF85447FD}.Release|x86.Build.0 = Release|Win32
	EndGlobalSection
	GlobalSection(SolutionProperties) = preSolution
		HideSolutionNode = FALSE
	EndGlobalSection
	GlobalSection(ExtensibilityGlobals) = postSolution
		SolutionGuid = {60060978-D547-4BA7-B444-7DF9DAC7D3C6}
	EndGlobalSection
EndGlobal
