
Microsoft Visual Studio Solution File, Format Version 12.00
# Visual Studio Version 17
VisualStudioVersion = 17.1.32319.34
MinimumVisualStudioVersion = 10.0.40219.1
Project("{8BC9CEB8-8B4A-11D0-8D11-00A0C91BC942}") = "Quiz07", "Quiz07.vcxproj", "{3105AD45-B885-41D2-83CF-8CAA0EC42589}"
EndProject
Global
	GlobalSection(SolutionConfigurationPlatforms) = preSolution
		Debug|x64 = Debug|x64
		Debug|x86 = Debug|x86
		Release|x64 = Release|x64
		Release|x86 = Release|x86
	EndGlobalSection
	GlobalSection(ProjectConfigurationPlatforms) = postSolution
		{3105AD45-B885-41D2-83CF-8CAA0EC42589}.Debug|x64.ActiveCfg = Debug|x64
		{3105AD45-B885-41D2-83CF-8CAA0EC42589}.Debug|x64.Build.0 = Debug|x64
		{3105AD45-B885-41D2-83CF-8CAA0EC42589}.Debug|x86.ActiveCfg = Debug|Win32
		{3105AD45-B885-41D2-83CF-8CAA0EC42589}.Debug|x86.Build.0 = Debug|Win32
		{3105AD45-B885-41D2-83CF-8CAA0EC42589}.Release|x64.ActiveCfg = Release|x64
		{3105AD45-B885-41D2-83CF-8CAA0EC42589}.Release|x64.Build.0 = Release|x64
		{3105AD45-B885-41D2-83CF-8CAA0EC42589}.Release|x86.ActiveCfg = Release|Win32
		{3105AD45-B885-41D2-83CF-8CAA0EC42589}.Release|x86.Build.0 = Release|Win32
	EndGlobalSection
	GlobalSection(SolutionProperties) = preSolution
		HideSolutionNode = FALSE
	EndGlobalSection
	GlobalSection(ExtensibilityGlobals) = postSolution
		SolutionGuid = {78195B2E-6F01-400A-804B-31C1F26AB7C5}
	EndGlobalSection
EndGlobal
