
Microsoft Visual Studio Solution File, Format Version 12.00
# Visual Studio Version 17
VisualStudioVersion = 17.1.32328.378
MinimumVisualStudioVersion = 10.0.40219.1
Project("{8BC9CEB8-8B4A-11D0-8D11-00A0C91BC942}") = "Quiz06", "Quiz06.vcxproj", "{D224F6B9-8A85-4A7E-B93A-E7702B191956}"
EndProject
Global
	GlobalSection(SolutionConfigurationPlatforms) = preSolution
		Debug|x64 = Debug|x64
		Debug|x86 = Debug|x86
		Release|x64 = Release|x64
		Release|x86 = Release|x86
	EndGlobalSection
	GlobalSection(ProjectConfigurationPlatforms) = postSolution
		{D224F6B9-8A85-4A7E-B93A-E7702B191956}.Debug|x64.ActiveCfg = Debug|x64
		{D224F6B9-8A85-4A7E-B93A-E7702B191956}.Debug|x64.Build.0 = Debug|x64
		{D224F6B9-8A85-4A7E-B93A-E7702B191956}.Debug|x86.ActiveCfg = Debug|Win32
		{D224F6B9-8A85-4A7E-B93A-E7702B191956}.Debug|x86.Build.0 = Debug|Win32
		{D224F6B9-8A85-4A7E-B93A-E7702B191956}.Release|x64.ActiveCfg = Release|x64
		{D224F6B9-8A85-4A7E-B93A-E7702B191956}.Release|x64.Build.0 = Release|x64
		{D224F6B9-8A85-4A7E-B93A-E7702B191956}.Release|x86.ActiveCfg = Release|Win32
		{D224F6B9-8A85-4A7E-B93A-E7702B191956}.Release|x86.Build.0 = Release|Win32
	EndGlobalSection
	GlobalSection(SolutionProperties) = preSolution
		HideSolutionNode = FALSE
	EndGlobalSection
	GlobalSection(ExtensibilityGlobals) = postSolution
		SolutionGuid = {50331327-8F48-4D3B-B4CF-9825A9340053}
	EndGlobalSection
EndGlobal
