
Microsoft Visual Studio Solution File, Format Version 12.00
# Visual Studio Version 17
VisualStudioVersion = 17.1.32328.378
MinimumVisualStudioVersion = 10.0.40219.1
Project("{8BC9CEB8-8B4A-11D0-8D11-00A0C91BC942}") = "Quiz03", "Quiz03.vcxproj", "{D54D67DE-2E2F-48DE-A221-050E0AD43BF2}"
EndProject
Global
	GlobalSection(SolutionConfigurationPlatforms) = preSolution
		Debug|x64 = Debug|x64
		Debug|x86 = Debug|x86
		Release|x64 = Release|x64
		Release|x86 = Release|x86
	EndGlobalSection
	GlobalSection(ProjectConfigurationPlatforms) = postSolution
		{D54D67DE-2E2F-48DE-A221-050E0AD43BF2}.Debug|x64.ActiveCfg = Debug|x64
		{D54D67DE-2E2F-48DE-A221-050E0AD43BF2}.Debug|x64.Build.0 = Debug|x64
		{D54D67DE-2E2F-48DE-A221-050E0AD43BF2}.Debug|x86.ActiveCfg = Debug|Win32
		{D54D67DE-2E2F-48DE-A221-050E0AD43BF2}.Debug|x86.Build.0 = Debug|Win32
		{D54D67DE-2E2F-48DE-A221-050E0AD43BF2}.Release|x64.ActiveCfg = Release|x64
		{D54D67DE-2E2F-48DE-A221-050E0AD43BF2}.Release|x64.Build.0 = Release|x64
		{D54D67DE-2E2F-48DE-A221-050E0AD43BF2}.Release|x86.ActiveCfg = Release|Win32
		{D54D67DE-2E2F-48DE-A221-050E0AD43BF2}.Release|x86.Build.0 = Release|Win32
	EndGlobalSection
	GlobalSection(SolutionProperties) = preSolution
		HideSolutionNode = FALSE
	EndGlobalSection
	GlobalSection(ExtensibilityGlobals) = postSolution
		SolutionGuid = {D1218B36-BC95-478C-BE45-F700E39D554B}
	EndGlobalSection
EndGlobal
